// !$*UTF8*$!
{
	archiveVersion = 1;
	classes = {
	};
	objectVersion = 55;
	objects = {

/* Begin PBXBuildFile section */
		41D3DE59E22B0651D09C9DAA /* Pods_AniHouse_iOS.framework in Frameworks */ = {isa = PBXBuildFile; fileRef = 21E6B5AAA8EE21EAF0DFE01A /* Pods_AniHouse_iOS.framework */; };
		9124DE0D2822DBF90094D790 /* a신디나루B.otf in Resources */ = {isa = PBXBuildFile; fileRef = 9124DE0C2822DBF90094D790 /* a신디나루B.otf */; };
		9124DE0F2822DC010094D790 /* a신디나루M.otf in Resources */ = {isa = PBXBuildFile; fileRef = 9124DE0E2822DC010094D790 /* a신디나루M.otf */; };
		9185C56727F8357C0009B93F /* FreeBoardContent.swift in Sources */ = {isa = PBXBuildFile; fileRef = 9185C56627F8357C0009B93F /* FreeBoardContent.swift */; };
		9185C56927F835ED0009B93F /* FreeBoardViewModel.swift in Sources */ = {isa = PBXBuildFile; fileRef = 9185C56827F835ED0009B93F /* FreeBoardViewModel.swift */; };
		91D6BD60282D1E0A00A6168C /* FreeAddCommentView.swift in Sources */ = {isa = PBXBuildFile; fileRef = 91D6BD5F282D1E0A00A6168C /* FreeAddCommentView.swift */; };
		BB19783828252CD9002B5B60 /* StorageManager.swift in Sources */ = {isa = PBXBuildFile; fileRef = BB19783728252CD9002B5B60 /* StorageManager.swift */; };
		BB29D0D327EC9F42009E3D5F /* walking_dog.json in Resources */ = {isa = PBXBuildFile; fileRef = BB29D0D227EC9F42009E3D5F /* walking_dog.json */; };
		BB2C6A072819C18C00D1FA2B /* SignInView.swift in Sources */ = {isa = PBXBuildFile; fileRef = BB2C6A032819C18C00D1FA2B /* SignInView.swift */; };
		BB2C6A082819C18C00D1FA2B /* LoginView.swift in Sources */ = {isa = PBXBuildFile; fileRef = BB2C6A042819C18C00D1FA2B /* LoginView.swift */; };
		BB2C6A092819C18C00D1FA2B /* RegisterView.swift in Sources */ = {isa = PBXBuildFile; fileRef = BB2C6A052819C18C00D1FA2B /* RegisterView.swift */; };
		BB2C6A0A2819C18C00D1FA2B /* SignUpView.swift in Sources */ = {isa = PBXBuildFile; fileRef = BB2C6A062819C18C00D1FA2B /* SignUpView.swift */; };
		BB2C6A132819C19F00D1FA2B /* AddFreeBoardView.swift in Sources */ = {isa = PBXBuildFile; fileRef = BB2C6A0F2819C19F00D1FA2B /* AddFreeBoardView.swift */; };
		BB2C6A142819C19F00D1FA2B /* SelectedFreeBoardView.swift in Sources */ = {isa = PBXBuildFile; fileRef = BB2C6A102819C19F00D1FA2B /* SelectedFreeBoardView.swift */; };
		BB2C6A152819C19F00D1FA2B /* FreeBoardView.swift in Sources */ = {isa = PBXBuildFile; fileRef = BB2C6A112819C19F00D1FA2B /* FreeBoardView.swift */; };
		BB2C6A162819C19F00D1FA2B /* ReviseFreeBoardView.swift in Sources */ = {isa = PBXBuildFile; fileRef = BB2C6A122819C19F00D1FA2B /* ReviseFreeBoardView.swift */; };
		BB2C6A192819C1C200D1FA2B /* SettingView.swift in Sources */ = {isa = PBXBuildFile; fileRef = BB2C6A182819C1C200D1FA2B /* SettingView.swift */; };
		BB2C6A1B2819C1E300D1FA2B /* TabBarView.swift in Sources */ = {isa = PBXBuildFile; fileRef = BB2C6A1A2819C1E300D1FA2B /* TabBarView.swift */; };
		BB633090282666F5009A0BC4 /* SelectedMainPost.swift in Sources */ = {isa = PBXBuildFile; fileRef = BB63308F282666F5009A0BC4 /* SelectedMainPost.swift */; };
		BB78602A27E0EFB300CFC94A /* AniHouse_iOSApp.swift in Sources */ = {isa = PBXBuildFile; fileRef = BB78602927E0EFB300CFC94A /* AniHouse_iOSApp.swift */; };
		BB78602C27E0EFB300CFC94A /* ContentView.swift in Sources */ = {isa = PBXBuildFile; fileRef = BB78602B27E0EFB300CFC94A /* ContentView.swift */; };
		BB78602E27E0EFB400CFC94A /* Assets.xcassets in Resources */ = {isa = PBXBuildFile; fileRef = BB78602D27E0EFB400CFC94A /* Assets.xcassets */; };
		BB78603127E0EFB400CFC94A /* Preview Assets.xcassets in Resources */ = {isa = PBXBuildFile; fileRef = BB78603027E0EFB400CFC94A /* Preview Assets.xcassets */; };
		BB78603827E0F10500CFC94A /* GoogleService-Info.plist in Resources */ = {isa = PBXBuildFile; fileRef = BB78603727E0F10500CFC94A /* GoogleService-Info.plist */; };
		BB942D74282C075B002C47DC /* UserInfo.swift in Sources */ = {isa = PBXBuildFile; fileRef = BB942D73282C075B002C47DC /* UserInfo.swift */; };
		BBA11DC027EEFCDB004F0327 /* LottieView.swift in Sources */ = {isa = PBXBuildFile; fileRef = BBA11DBF27EEFCDB004F0327 /* LottieView.swift */; };
		BBA11DCA27EF708A004F0327 /* AppViewModel.swift in Sources */ = {isa = PBXBuildFile; fileRef = BBA11DC927EF708A004F0327 /* AppViewModel.swift */; };
		BBAF79DB282D06B900F75E29 /* MainCommentAddView.swift in Sources */ = {isa = PBXBuildFile; fileRef = BBAF79DA282D06B900F75E29 /* MainCommentAddView.swift */; };
		BBAF79DE282D11CA00F75E29 /* MainCommentView.swift in Sources */ = {isa = PBXBuildFile; fileRef = BBAF79DD282D11CA00F75E29 /* MainCommentView.swift */; };
		BBAF79E0282D833200F75E29 /* UserInfoViewModel.swift in Sources */ = {isa = PBXBuildFile; fileRef = BBAF79DF282D833200F75E29 /* UserInfoViewModel.swift */; };
		BBCAEDBB27ECA62200DF03BB /* SplashScreenView.swift in Sources */ = {isa = PBXBuildFile; fileRef = BBCAEDBA27ECA62200DF03BB /* SplashScreenView.swift */; };
		BBD6FB04281A89F300BCA90F /* MainViewCell.swift in Sources */ = {isa = PBXBuildFile; fileRef = BBD6FB03281A89F300BCA90F /* MainViewCell.swift */; };
		BBD6FB08281A8A1B00BCA90F /* MainBoardPost.swift in Sources */ = {isa = PBXBuildFile; fileRef = BBD6FB07281A8A1B00BCA90F /* MainBoardPost.swift */; };
		BBD6FB0A281A952E00BCA90F /* Constant.swift in Sources */ = {isa = PBXBuildFile; fileRef = BBD6FB09281A952E00BCA90F /* Constant.swift */; };
		BBD6FB0C281A983300BCA90F /* MainView.swift in Sources */ = {isa = PBXBuildFile; fileRef = BBD6FB0B281A983300BCA90F /* MainView.swift */; };
		BBD6FB0E281AC23C00BCA90F /* AddPostView.swift in Sources */ = {isa = PBXBuildFile; fileRef = BBD6FB0D281AC23C00BCA90F /* AddPostView.swift */; };
		BBD6FB2A281AF5EE00BCA90F /* PhotoPicker.swift in Sources */ = {isa = PBXBuildFile; fileRef = BBD6FB29281AF5EE00BCA90F /* PhotoPicker.swift */; };
		BBDDF9A02822CF1900B3001A /* MainPostViewModel.swift in Sources */ = {isa = PBXBuildFile; fileRef = BBDDF99F2822CF1900B3001A /* MainPostViewModel.swift */; };
		BBDDF9A22822CF6600B3001A /* MainPost.swift in Sources */ = {isa = PBXBuildFile; fileRef = BBDDF9A12822CF6600B3001A /* MainPost.swift */; };
		BBDDF9A52822D56100B3001A /* MainPostComment.swift in Sources */ = {isa = PBXBuildFile; fileRef = BBDDF9A42822D56100B3001A /* MainPostComment.swift */; };
/* End PBXBuildFile section */

/* Begin PBXFileReference section */
		0F098F85799B1CB696AA8D58 /* Pods-AniHouse-iOS.release.xcconfig */ = {isa = PBXFileReference; includeInIndex = 1; lastKnownFileType = text.xcconfig; name = "Pods-AniHouse-iOS.release.xcconfig"; path = "Target Support Files/Pods-AniHouse-iOS/Pods-AniHouse-iOS.release.xcconfig"; sourceTree = "<group>"; };
		21E6B5AAA8EE21EAF0DFE01A /* Pods_AniHouse_iOS.framework */ = {isa = PBXFileReference; explicitFileType = wrapper.framework; includeInIndex = 0; path = Pods_AniHouse_iOS.framework; sourceTree = BUILT_PRODUCTS_DIR; };
		2DFD3BBAB2AEFA54BC58541D /* Pods-AniHouse-iOS.debug.xcconfig */ = {isa = PBXFileReference; includeInIndex = 1; lastKnownFileType = text.xcconfig; name = "Pods-AniHouse-iOS.debug.xcconfig"; path = "Target Support Files/Pods-AniHouse-iOS/Pods-AniHouse-iOS.debug.xcconfig"; sourceTree = "<group>"; };
		9124DE0C2822DBF90094D790 /* a신디나루B.otf */ = {isa = PBXFileReference; lastKnownFileType = file; path = "a신디나루B.otf"; sourceTree = "<group>"; };
		9124DE0E2822DC010094D790 /* a신디나루M.otf */ = {isa = PBXFileReference; lastKnownFileType = file; path = "a신디나루M.otf"; sourceTree = "<group>"; };
		9124DE102822DE570094D790 /* Info.plist */ = {isa = PBXFileReference; lastKnownFileType = text.plist; path = Info.plist; sourceTree = "<group>"; };
		9185C56627F8357C0009B93F /* FreeBoardContent.swift */ = {isa = PBXFileReference; lastKnownFileType = sourcecode.swift; name = FreeBoardContent.swift; path = "AniHouse-iOS/FreeBoardContent.swift"; sourceTree = SOURCE_ROOT; };
		9185C56827F835ED0009B93F /* FreeBoardViewModel.swift */ = {isa = PBXFileReference; lastKnownFileType = sourcecode.swift; path = FreeBoardViewModel.swift; sourceTree = "<group>"; };
		91D6BD5F282D1E0A00A6168C /* FreeAddCommentView.swift */ = {isa = PBXFileReference; lastKnownFileType = sourcecode.swift; path = FreeAddCommentView.swift; sourceTree = "<group>"; };
		BB19783728252CD9002B5B60 /* StorageManager.swift */ = {isa = PBXFileReference; lastKnownFileType = sourcecode.swift; path = StorageManager.swift; sourceTree = "<group>"; };
		BB29D0D227EC9F42009E3D5F /* walking_dog.json */ = {isa = PBXFileReference; fileEncoding = 4; lastKnownFileType = text.json; path = walking_dog.json; sourceTree = "<group>"; };
		BB2C6A032819C18C00D1FA2B /* SignInView.swift */ = {isa = PBXFileReference; fileEncoding = 4; lastKnownFileType = sourcecode.swift; path = SignInView.swift; sourceTree = "<group>"; };
		BB2C6A042819C18C00D1FA2B /* LoginView.swift */ = {isa = PBXFileReference; fileEncoding = 4; lastKnownFileType = sourcecode.swift; path = LoginView.swift; sourceTree = "<group>"; };
		BB2C6A052819C18C00D1FA2B /* RegisterView.swift */ = {isa = PBXFileReference; fileEncoding = 4; lastKnownFileType = sourcecode.swift; path = RegisterView.swift; sourceTree = "<group>"; };
		BB2C6A062819C18C00D1FA2B /* SignUpView.swift */ = {isa = PBXFileReference; fileEncoding = 4; lastKnownFileType = sourcecode.swift; path = SignUpView.swift; sourceTree = "<group>"; };
		BB2C6A0F2819C19F00D1FA2B /* AddFreeBoardView.swift */ = {isa = PBXFileReference; fileEncoding = 4; lastKnownFileType = sourcecode.swift; path = AddFreeBoardView.swift; sourceTree = "<group>"; };
		BB2C6A102819C19F00D1FA2B /* SelectedFreeBoardView.swift */ = {isa = PBXFileReference; fileEncoding = 4; lastKnownFileType = sourcecode.swift; path = SelectedFreeBoardView.swift; sourceTree = "<group>"; };
		BB2C6A112819C19F00D1FA2B /* FreeBoardView.swift */ = {isa = PBXFileReference; fileEncoding = 4; lastKnownFileType = sourcecode.swift; path = FreeBoardView.swift; sourceTree = "<group>"; };
		BB2C6A122819C19F00D1FA2B /* ReviseFreeBoardView.swift */ = {isa = PBXFileReference; fileEncoding = 4; lastKnownFileType = sourcecode.swift; path = ReviseFreeBoardView.swift; sourceTree = "<group>"; };
		BB2C6A182819C1C200D1FA2B /* SettingView.swift */ = {isa = PBXFileReference; fileEncoding = 4; lastKnownFileType = sourcecode.swift; path = SettingView.swift; sourceTree = "<group>"; };
		BB2C6A1A2819C1E300D1FA2B /* TabBarView.swift */ = {isa = PBXFileReference; fileEncoding = 4; lastKnownFileType = sourcecode.swift; path = TabBarView.swift; sourceTree = "<group>"; };
		BB63308F282666F5009A0BC4 /* SelectedMainPost.swift */ = {isa = PBXFileReference; lastKnownFileType = sourcecode.swift; path = SelectedMainPost.swift; sourceTree = "<group>"; };
		BB78602627E0EFB300CFC94A /* AniHouse-iOS.app */ = {isa = PBXFileReference; explicitFileType = wrapper.application; includeInIndex = 0; path = "AniHouse-iOS.app"; sourceTree = BUILT_PRODUCTS_DIR; };
		BB78602927E0EFB300CFC94A /* AniHouse_iOSApp.swift */ = {isa = PBXFileReference; lastKnownFileType = sourcecode.swift; path = AniHouse_iOSApp.swift; sourceTree = "<group>"; };
		BB78602B27E0EFB300CFC94A /* ContentView.swift */ = {isa = PBXFileReference; lastKnownFileType = sourcecode.swift; path = ContentView.swift; sourceTree = "<group>"; };
		BB78602D27E0EFB400CFC94A /* Assets.xcassets */ = {isa = PBXFileReference; lastKnownFileType = folder.assetcatalog; path = Assets.xcassets; sourceTree = "<group>"; };
		BB78603027E0EFB400CFC94A /* Preview Assets.xcassets */ = {isa = PBXFileReference; lastKnownFileType = folder.assetcatalog; path = "Preview Assets.xcassets"; sourceTree = "<group>"; };
		BB78603727E0F10500CFC94A /* GoogleService-Info.plist */ = {isa = PBXFileReference; fileEncoding = 4; lastKnownFileType = text.plist.xml; path = "GoogleService-Info.plist"; sourceTree = "<group>"; };
		BB942D73282C075B002C47DC /* UserInfo.swift */ = {isa = PBXFileReference; lastKnownFileType = sourcecode.swift; path = UserInfo.swift; sourceTree = "<group>"; };
		BBA11DBF27EEFCDB004F0327 /* LottieView.swift */ = {isa = PBXFileReference; lastKnownFileType = sourcecode.swift; path = LottieView.swift; sourceTree = "<group>"; };
		BBA11DC927EF708A004F0327 /* AppViewModel.swift */ = {isa = PBXFileReference; lastKnownFileType = sourcecode.swift; path = AppViewModel.swift; sourceTree = "<group>"; };
		BBAF79DA282D06B900F75E29 /* MainCommentAddView.swift */ = {isa = PBXFileReference; lastKnownFileType = sourcecode.swift; path = MainCommentAddView.swift; sourceTree = "<group>"; };
		BBAF79DD282D11CA00F75E29 /* MainCommentView.swift */ = {isa = PBXFileReference; lastKnownFileType = sourcecode.swift; path = MainCommentView.swift; sourceTree = "<group>"; };
		BBAF79DF282D833200F75E29 /* UserInfoViewModel.swift */ = {isa = PBXFileReference; lastKnownFileType = sourcecode.swift; path = UserInfoViewModel.swift; sourceTree = "<group>"; };
		BBCAEDBA27ECA62200DF03BB /* SplashScreenView.swift */ = {isa = PBXFileReference; lastKnownFileType = sourcecode.swift; path = SplashScreenView.swift; sourceTree = "<group>"; };
		BBD6FB03281A89F300BCA90F /* MainViewCell.swift */ = {isa = PBXFileReference; lastKnownFileType = sourcecode.swift; path = MainViewCell.swift; sourceTree = "<group>"; };
		BBD6FB07281A8A1B00BCA90F /* MainBoardPost.swift */ = {isa = PBXFileReference; lastKnownFileType = sourcecode.swift; path = MainBoardPost.swift; sourceTree = "<group>"; };
		BBD6FB09281A952E00BCA90F /* Constant.swift */ = {isa = PBXFileReference; lastKnownFileType = sourcecode.swift; path = Constant.swift; sourceTree = "<group>"; };
		BBD6FB0B281A983300BCA90F /* MainView.swift */ = {isa = PBXFileReference; lastKnownFileType = sourcecode.swift; path = MainView.swift; sourceTree = "<group>"; };
		BBD6FB0D281AC23C00BCA90F /* AddPostView.swift */ = {isa = PBXFileReference; lastKnownFileType = sourcecode.swift; path = AddPostView.swift; sourceTree = "<group>"; };
		BBD6FB29281AF5EE00BCA90F /* PhotoPicker.swift */ = {isa = PBXFileReference; lastKnownFileType = sourcecode.swift; path = PhotoPicker.swift; sourceTree = "<group>"; };
		BBDDF99F2822CF1900B3001A /* MainPostViewModel.swift */ = {isa = PBXFileReference; lastKnownFileType = sourcecode.swift; path = MainPostViewModel.swift; sourceTree = "<group>"; };
		BBDDF9A12822CF6600B3001A /* MainPost.swift */ = {isa = PBXFileReference; lastKnownFileType = sourcecode.swift; path = MainPost.swift; sourceTree = "<group>"; };
		BBDDF9A42822D56100B3001A /* MainPostComment.swift */ = {isa = PBXFileReference; lastKnownFileType = sourcecode.swift; path = MainPostComment.swift; sourceTree = "<group>"; };
/* End PBXFileReference section */

/* Begin PBXFrameworksBuildPhase section */
		BB78602327E0EFB300CFC94A /* Frameworks */ = {
			isa = PBXFrameworksBuildPhase;
			buildActionMask = 2147483647;
			files = (
				41D3DE59E22B0651D09C9DAA /* Pods_AniHouse_iOS.framework in Frameworks */,
			);
			runOnlyForDeploymentPostprocessing = 0;
		};
/* End PBXFrameworksBuildPhase section */

/* Begin PBXGroup section */
		0D685C00B969B19129901FE8 /* Frameworks */ = {
			isa = PBXGroup;
			children = (
				21E6B5AAA8EE21EAF0DFE01A /* Pods_AniHouse_iOS.framework */,
			);
			name = Frameworks;
			sourceTree = "<group>";
		};
		9124DE0B2822DBDF0094D790 /* Fonts */ = {
			isa = PBXGroup;
			children = (
				9124DE0E2822DC010094D790 /* a신디나루M.otf */,
				9124DE0C2822DBF90094D790 /* a신디나루B.otf */,
			);
			path = Fonts;
			sourceTree = "<group>";
		};
		BB29D0D127EC9F15009E3D5F /* Lottie Animation JSON */ = {
			isa = PBXGroup;
			children = (
				BB29D0D227EC9F42009E3D5F /* walking_dog.json */,
			);
			path = "Lottie Animation JSON";
			sourceTree = "<group>";
		};
		BB2C69FF2819C15600D1FA2B /* Views */ = {
			isa = PBXGroup;
			children = (
				BB2C6A1A2819C1E300D1FA2B /* TabBarView.swift */,
				BB2C6A012819C16800D1FA2B /* LoginAndRegister */,
				BB2C6A002819C16300D1FA2B /* MainView */,
				BB2C6A022819C17800D1FA2B /* FreeBoard */,
				BB2C6A172819C1B500D1FA2B /* SettingView */,
			);
			path = Views;
			sourceTree = "<group>";
		};
		BB2C6A002819C16300D1FA2B /* MainView */ = {
			isa = PBXGroup;
			children = (
				BBAF79DC282D10F000F75E29 /* Comment */,
				BBD6FB03281A89F300BCA90F /* MainViewCell.swift */,
				BBD6FB0B281A983300BCA90F /* MainView.swift */,
				BBD6FB0D281AC23C00BCA90F /* AddPostView.swift */,
				BB63308F282666F5009A0BC4 /* SelectedMainPost.swift */,
			);
			path = MainView;
			sourceTree = "<group>";
		};
		BB2C6A012819C16800D1FA2B /* LoginAndRegister */ = {
			isa = PBXGroup;
			children = (
				BB2C6A042819C18C00D1FA2B /* LoginView.swift */,
				BB2C6A052819C18C00D1FA2B /* RegisterView.swift */,
				BB2C6A032819C18C00D1FA2B /* SignInView.swift */,
				BB2C6A062819C18C00D1FA2B /* SignUpView.swift */,
			);
			path = LoginAndRegister;
			sourceTree = "<group>";
		};
		BB2C6A022819C17800D1FA2B /* FreeBoard */ = {
			isa = PBXGroup;
			children = (
				BB2C6A0F2819C19F00D1FA2B /* AddFreeBoardView.swift */,
				BB2C6A112819C19F00D1FA2B /* FreeBoardView.swift */,
				BB2C6A122819C19F00D1FA2B /* ReviseFreeBoardView.swift */,
				BB2C6A102819C19F00D1FA2B /* SelectedFreeBoardView.swift */,
				91D6BD5F282D1E0A00A6168C /* FreeAddCommentView.swift */,
			);
			path = FreeBoard;
			sourceTree = "<group>";
		};
		BB2C6A172819C1B500D1FA2B /* SettingView */ = {
			isa = PBXGroup;
			children = (
				BB2C6A182819C1C200D1FA2B /* SettingView.swift */,
			);
			path = SettingView;
			sourceTree = "<group>";
		};
		BB78601D27E0EFB300CFC94A = {
			isa = PBXGroup;
			children = (
				BB78602827E0EFB300CFC94A /* AniHouse-iOS */,
				BB78602727E0EFB300CFC94A /* Products */,
				F0F9C109A57C9FFCD3B10792 /* Pods */,
				0D685C00B969B19129901FE8 /* Frameworks */,
			);
			sourceTree = "<group>";
		};
		BB78602727E0EFB300CFC94A /* Products */ = {
			isa = PBXGroup;
			children = (
				BB78602627E0EFB300CFC94A /* AniHouse-iOS.app */,
			);
			name = Products;
			sourceTree = "<group>";
		};
		BB78602827E0EFB300CFC94A /* AniHouse-iOS */ = {
			isa = PBXGroup;
			children = (
				9124DE102822DE570094D790 /* Info.plist */,
				BB78602927E0EFB300CFC94A /* AniHouse_iOSApp.swift */,
				BB2C69FF2819C15600D1FA2B /* Views */,
				BB8F33E927EC99170021A6EB /* Models */,
				BB8F33E727EC99060021A6EB /* ViewModels */,
				BB78602D27E0EFB400CFC94A /* Assets.xcassets */,
				9124DE0B2822DBDF0094D790 /* Fonts */,
				BB78603727E0F10500CFC94A /* GoogleService-Info.plist */,
				BB78602F27E0EFB400CFC94A /* Preview Content */,
				BB29D0D127EC9F15009E3D5F /* Lottie Animation JSON */,
				BBCAEDBA27ECA62200DF03BB /* SplashScreenView.swift */,
				BBA11DBF27EEFCDB004F0327 /* LottieView.swift */,
				BBD6FB09281A952E00BCA90F /* Constant.swift */,
				BBD6FB29281AF5EE00BCA90F /* PhotoPicker.swift */,
			);
			path = "AniHouse-iOS";
			sourceTree = "<group>";
		};
		BB78602F27E0EFB400CFC94A /* Preview Content */ = {
			isa = PBXGroup;
			children = (
				BB78603027E0EFB400CFC94A /* Preview Assets.xcassets */,
			);
			path = "Preview Content";
			sourceTree = "<group>";
		};
		BB8F33E727EC99060021A6EB /* ViewModels */ = {
			isa = PBXGroup;
			children = (
				BBA11DC927EF708A004F0327 /* AppViewModel.swift */,
				BB78602B27E0EFB300CFC94A /* ContentView.swift */,
				9185C56827F835ED0009B93F /* FreeBoardViewModel.swift */,
				BB19783728252CD9002B5B60 /* StorageManager.swift */,
				BBDDF99F2822CF1900B3001A /* MainPostViewModel.swift */,
				BBAF79DF282D833200F75E29 /* UserInfoViewModel.swift */,
			);
			path = ViewModels;
			sourceTree = "<group>";
		};
		BB8F33E927EC99170021A6EB /* Models */ = {
			isa = PBXGroup;
			children = (
				BBDDF9A32822D54A00B3001A /* MainViewModel */,
				9185C56627F8357C0009B93F /* FreeBoardContent.swift */,
				BB942D73282C075B002C47DC /* UserInfo.swift */,
			);
			path = Models;
			sourceTree = "<group>";
		};
		BBAF79DC282D10F000F75E29 /* Comment */ = {
			isa = PBXGroup;
			children = (
				BBAF79DA282D06B900F75E29 /* MainCommentAddView.swift */,
				BBAF79DD282D11CA00F75E29 /* MainCommentView.swift */,
			);
			path = Comment;
			sourceTree = "<group>";
		};
		BBDDF9A32822D54A00B3001A /* MainViewModel */ = {
			isa = PBXGroup;
			children = (
				BBDDF9A12822CF6600B3001A /* MainPost.swift */,
				BBDDF9A42822D56100B3001A /* MainPostComment.swift */,
				BBD6FB07281A8A1B00BCA90F /* MainBoardPost.swift */,
			);
			path = MainViewModel;
			sourceTree = "<group>";
		};
		F0F9C109A57C9FFCD3B10792 /* Pods */ = {
			isa = PBXGroup;
			children = (
				2DFD3BBAB2AEFA54BC58541D /* Pods-AniHouse-iOS.debug.xcconfig */,
				0F098F85799B1CB696AA8D58 /* Pods-AniHouse-iOS.release.xcconfig */,
			);
			path = Pods;
			sourceTree = "<group>";
		};
/* End PBXGroup section */

/* Begin PBXNativeTarget section */
		BB78602527E0EFB300CFC94A /* AniHouse-iOS */ = {
			isa = PBXNativeTarget;
			buildConfigurationList = BB78603427E0EFB400CFC94A /* Build configuration list for PBXNativeTarget "AniHouse-iOS" */;
			buildPhases = (
				E5A4972AE5780E228DC61774 /* [CP] Check Pods Manifest.lock */,
				BB78602227E0EFB300CFC94A /* Sources */,
				BB78602327E0EFB300CFC94A /* Frameworks */,
				BB78602427E0EFB300CFC94A /* Resources */,
				FAA4407569DF181FBCBF2CAA /* [CP] Embed Pods Frameworks */,
			);
			buildRules = (
			);
			dependencies = (
			);
			name = "AniHouse-iOS";
			productName = "AniHouse-iOS";
			productReference = BB78602627E0EFB300CFC94A /* AniHouse-iOS.app */;
			productType = "com.apple.product-type.application";
		};
/* End PBXNativeTarget section */

/* Begin PBXProject section */
		BB78601E27E0EFB300CFC94A /* Project object */ = {
			isa = PBXProject;
			attributes = {
				BuildIndependentTargetsInParallel = 1;
				LastSwiftUpdateCheck = 1320;
				LastUpgradeCheck = 1320;
				TargetAttributes = {
					BB78602527E0EFB300CFC94A = {
						CreatedOnToolsVersion = 13.2.1;
					};
				};
			};
			buildConfigurationList = BB78602127E0EFB300CFC94A /* Build configuration list for PBXProject "AniHouse-iOS" */;
			compatibilityVersion = "Xcode 13.0";
			developmentRegion = en;
			hasScannedForEncodings = 0;
			knownRegions = (
				en,
				Base,
			);
			mainGroup = BB78601D27E0EFB300CFC94A;
			productRefGroup = BB78602727E0EFB300CFC94A /* Products */;
			projectDirPath = "";
			projectRoot = "";
			targets = (
				BB78602527E0EFB300CFC94A /* AniHouse-iOS */,
			);
		};
/* End PBXProject section */

/* Begin PBXResourcesBuildPhase section */
		BB78602427E0EFB300CFC94A /* Resources */ = {
			isa = PBXResourcesBuildPhase;
			buildActionMask = 2147483647;
			files = (
				9124DE0D2822DBF90094D790 /* a신디나루B.otf in Resources */,
				9124DE0F2822DC010094D790 /* a신디나루M.otf in Resources */,
				BB78603127E0EFB400CFC94A /* Preview Assets.xcassets in Resources */,
				BB29D0D327EC9F42009E3D5F /* walking_dog.json in Resources */,
				BB78603827E0F10500CFC94A /* GoogleService-Info.plist in Resources */,
				BB78602E27E0EFB400CFC94A /* Assets.xcassets in Resources */,
			);
			runOnlyForDeploymentPostprocessing = 0;
		};
/* End PBXResourcesBuildPhase section */

/* Begin PBXShellScriptBuildPhase section */
		E5A4972AE5780E228DC61774 /* [CP] Check Pods Manifest.lock */ = {
			isa = PBXShellScriptBuildPhase;
			buildActionMask = 2147483647;
			files = (
			);
			inputFileListPaths = (
			);
			inputPaths = (
				"${PODS_PODFILE_DIR_PATH}/Podfile.lock",
				"${PODS_ROOT}/Manifest.lock",
			);
			name = "[CP] Check Pods Manifest.lock";
			outputFileListPaths = (
			);
			outputPaths = (
				"$(DERIVED_FILE_DIR)/Pods-AniHouse-iOS-checkManifestLockResult.txt",
			);
			runOnlyForDeploymentPostprocessing = 0;
			shellPath = /bin/sh;
			shellScript = "diff \"${PODS_PODFILE_DIR_PATH}/Podfile.lock\" \"${PODS_ROOT}/Manifest.lock\" > /dev/null\nif [ $? != 0 ] ; then\n    # print error to STDERR\n    echo \"error: The sandbox is not in sync with the Podfile.lock. Run 'pod install' or update your CocoaPods installation.\" >&2\n    exit 1\nfi\n# This output is used by Xcode 'outputs' to avoid re-running this script phase.\necho \"SUCCESS\" > \"${SCRIPT_OUTPUT_FILE_0}\"\n";
			showEnvVarsInLog = 0;
		};
		FAA4407569DF181FBCBF2CAA /* [CP] Embed Pods Frameworks */ = {
			isa = PBXShellScriptBuildPhase;
			buildActionMask = 2147483647;
			files = (
			);
			inputFileListPaths = (
				"${PODS_ROOT}/Target Support Files/Pods-AniHouse-iOS/Pods-AniHouse-iOS-frameworks-${CONFIGURATION}-input-files.xcfilelist",
			);
			name = "[CP] Embed Pods Frameworks";
			outputFileListPaths = (
				"${PODS_ROOT}/Target Support Files/Pods-AniHouse-iOS/Pods-AniHouse-iOS-frameworks-${CONFIGURATION}-output-files.xcfilelist",
			);
			runOnlyForDeploymentPostprocessing = 0;
			shellPath = /bin/sh;
			shellScript = "\"${PODS_ROOT}/Target Support Files/Pods-AniHouse-iOS/Pods-AniHouse-iOS-frameworks.sh\"\n";
			showEnvVarsInLog = 0;
		};
/* End PBXShellScriptBuildPhase section */

/* Begin PBXSourcesBuildPhase section */
		BB78602227E0EFB300CFC94A /* Sources */ = {
			isa = PBXSourcesBuildPhase;
			buildActionMask = 2147483647;
			files = (
				BB2C6A092819C18C00D1FA2B /* RegisterView.swift in Sources */,
				BBDDF9A02822CF1900B3001A /* MainPostViewModel.swift in Sources */,
				BB2C6A072819C18C00D1FA2B /* SignInView.swift in Sources */,
				BB942D74282C075B002C47DC /* UserInfo.swift in Sources */,
				BB2C6A192819C1C200D1FA2B /* SettingView.swift in Sources */,
				BB19783828252CD9002B5B60 /* StorageManager.swift in Sources */,
				9185C56927F835ED0009B93F /* FreeBoardViewModel.swift in Sources */,
				BBDDF9A52822D56100B3001A /* MainPostComment.swift in Sources */,
				BBDDF9A22822CF6600B3001A /* MainPost.swift in Sources */,
				BBAF79E0282D833200F75E29 /* UserInfoViewModel.swift in Sources */,
				BBD6FB04281A89F300BCA90F /* MainViewCell.swift in Sources */,
				BB2C6A142819C19F00D1FA2B /* SelectedFreeBoardView.swift in Sources */,
				BBAF79DE282D11CA00F75E29 /* MainCommentView.swift in Sources */,
				BB2C6A1B2819C1E300D1FA2B /* TabBarView.swift in Sources */,
				BB2C6A0A2819C18C00D1FA2B /* SignUpView.swift in Sources */,
				BBA11DCA27EF708A004F0327 /* AppViewModel.swift in Sources */,
				BB2C6A152819C19F00D1FA2B /* FreeBoardView.swift in Sources */,
				BBAF79DB282D06B900F75E29 /* MainCommentAddView.swift in Sources */,
				BB633090282666F5009A0BC4 /* SelectedMainPost.swift in Sources */,
				BBD6FB08281A8A1B00BCA90F /* MainBoardPost.swift in Sources */,
				9185C56727F8357C0009B93F /* FreeBoardContent.swift in Sources */,
				BBCAEDBB27ECA62200DF03BB /* SplashScreenView.swift in Sources */,
				BB78602C27E0EFB300CFC94A /* ContentView.swift in Sources */,
				BB78602A27E0EFB300CFC94A /* AniHouse_iOSApp.swift in Sources */,
				BB2C6A082819C18C00D1FA2B /* LoginView.swift in Sources */,
				BBA11DC027EEFCDB004F0327 /* LottieView.swift in Sources */,
				BBD6FB0C281A983300BCA90F /* MainView.swift in Sources */,
				BBD6FB0A281A952E00BCA90F /* Constant.swift in Sources */,
				BB2C6A132819C19F00D1FA2B /* AddFreeBoardView.swift in Sources */,
				91D6BD60282D1E0A00A6168C /* FreeAddCommentView.swift in Sources */,
				BBD6FB0E281AC23C00BCA90F /* AddPostView.swift in Sources */,
				BBD6FB2A281AF5EE00BCA90F /* PhotoPicker.swift in Sources */,
				BB2C6A162819C19F00D1FA2B /* ReviseFreeBoardView.swift in Sources */,
			);
			runOnlyForDeploymentPostprocessing = 0;
		};
/* End PBXSourcesBuildPhase section */

/* Begin XCBuildConfiguration section */
		BB78603227E0EFB400CFC94A /* Debug */ = {
			isa = XCBuildConfiguration;
			buildSettings = {
				ALWAYS_SEARCH_USER_PATHS = NO;
				CLANG_ANALYZER_NONNULL = YES;
				CLANG_ANALYZER_NUMBER_OBJECT_CONVERSION = YES_AGGRESSIVE;
				CLANG_CXX_LANGUAGE_STANDARD = "gnu++17";
				CLANG_CXX_LIBRARY = "libc++";
				CLANG_ENABLE_MODULES = YES;
				CLANG_ENABLE_OBJC_ARC = YES;
				CLANG_ENABLE_OBJC_WEAK = YES;
				CLANG_WARN_BLOCK_CAPTURE_AUTORELEASING = YES;
				CLANG_WARN_BOOL_CONVERSION = YES;
				CLANG_WARN_COMMA = YES;
				CLANG_WARN_CONSTANT_CONVERSION = YES;
				CLANG_WARN_DEPRECATED_OBJC_IMPLEMENTATIONS = YES;
				CLANG_WARN_DIRECT_OBJC_ISA_USAGE = YES_ERROR;
				CLANG_WARN_DOCUMENTATION_COMMENTS = YES;
				CLANG_WARN_EMPTY_BODY = YES;
				CLANG_WARN_ENUM_CONVERSION = YES;
				CLANG_WARN_INFINITE_RECURSION = YES;
				CLANG_WARN_INT_CONVERSION = YES;
				CLANG_WARN_NON_LITERAL_NULL_CONVERSION = YES;
				CLANG_WARN_OBJC_IMPLICIT_RETAIN_SELF = YES;
				CLANG_WARN_OBJC_LITERAL_CONVERSION = YES;
				CLANG_WARN_OBJC_ROOT_CLASS = YES_ERROR;
				CLANG_WARN_QUOTED_INCLUDE_IN_FRAMEWORK_HEADER = YES;
				CLANG_WARN_RANGE_LOOP_ANALYSIS = YES;
				CLANG_WARN_STRICT_PROTOTYPES = YES;
				CLANG_WARN_SUSPICIOUS_MOVE = YES;
				CLANG_WARN_UNGUARDED_AVAILABILITY = YES_AGGRESSIVE;
				CLANG_WARN_UNREACHABLE_CODE = YES;
				CLANG_WARN__DUPLICATE_METHOD_MATCH = YES;
				COPY_PHASE_STRIP = NO;
				DEBUG_INFORMATION_FORMAT = dwarf;
				ENABLE_STRICT_OBJC_MSGSEND = YES;
				ENABLE_TESTABILITY = YES;
				GCC_C_LANGUAGE_STANDARD = gnu11;
				GCC_DYNAMIC_NO_PIC = NO;
				GCC_NO_COMMON_BLOCKS = YES;
				GCC_OPTIMIZATION_LEVEL = 0;
				GCC_PREPROCESSOR_DEFINITIONS = (
					"DEBUG=1",
					"$(inherited)",
				);
				GCC_WARN_64_TO_32_BIT_CONVERSION = YES;
				GCC_WARN_ABOUT_RETURN_TYPE = YES_ERROR;
				GCC_WARN_UNDECLARED_SELECTOR = YES;
				GCC_WARN_UNINITIALIZED_AUTOS = YES_AGGRESSIVE;
				GCC_WARN_UNUSED_FUNCTION = YES;
				GCC_WARN_UNUSED_VARIABLE = YES;
				IPHONEOS_DEPLOYMENT_TARGET = 15.2;
				MTL_ENABLE_DEBUG_INFO = INCLUDE_SOURCE;
				MTL_FAST_MATH = YES;
				ONLY_ACTIVE_ARCH = YES;
				SDKROOT = iphoneos;
				SWIFT_ACTIVE_COMPILATION_CONDITIONS = DEBUG;
				SWIFT_OPTIMIZATION_LEVEL = "-Onone";
			};
			name = Debug;
		};
		BB78603327E0EFB400CFC94A /* Release */ = {
			isa = XCBuildConfiguration;
			buildSettings = {
				ALWAYS_SEARCH_USER_PATHS = NO;
				CLANG_ANALYZER_NONNULL = YES;
				CLANG_ANALYZER_NUMBER_OBJECT_CONVERSION = YES_AGGRESSIVE;
				CLANG_CXX_LANGUAGE_STANDARD = "gnu++17";
				CLANG_CXX_LIBRARY = "libc++";
				CLANG_ENABLE_MODULES = YES;
				CLANG_ENABLE_OBJC_ARC = YES;
				CLANG_ENABLE_OBJC_WEAK = YES;
				CLANG_WARN_BLOCK_CAPTURE_AUTORELEASING = YES;
				CLANG_WARN_BOOL_CONVERSION = YES;
				CLANG_WARN_COMMA = YES;
				CLANG_WARN_CONSTANT_CONVERSION = YES;
				CLANG_WARN_DEPRECATED_OBJC_IMPLEMENTATIONS = YES;
				CLANG_WARN_DIRECT_OBJC_ISA_USAGE = YES_ERROR;
				CLANG_WARN_DOCUMENTATION_COMMENTS = YES;
				CLANG_WARN_EMPTY_BODY = YES;
				CLANG_WARN_ENUM_CONVERSION = YES;
				CLANG_WARN_INFINITE_RECURSION = YES;
				CLANG_WARN_INT_CONVERSION = YES;
				CLANG_WARN_NON_LITERAL_NULL_CONVERSION = YES;
				CLANG_WARN_OBJC_IMPLICIT_RETAIN_SELF = YES;
				CLANG_WARN_OBJC_LITERAL_CONVERSION = YES;
				CLANG_WARN_OBJC_ROOT_CLASS = YES_ERROR;
				CLANG_WARN_QUOTED_INCLUDE_IN_FRAMEWORK_HEADER = YES;
				CLANG_WARN_RANGE_LOOP_ANALYSIS = YES;
				CLANG_WARN_STRICT_PROTOTYPES = YES;
				CLANG_WARN_SUSPICIOUS_MOVE = YES;
				CLANG_WARN_UNGUARDED_AVAILABILITY = YES_AGGRESSIVE;
				CLANG_WARN_UNREACHABLE_CODE = YES;
				CLANG_WARN__DUPLICATE_METHOD_MATCH = YES;
				COPY_PHASE_STRIP = NO;
				DEBUG_INFORMATION_FORMAT = "dwarf-with-dsym";
				ENABLE_NS_ASSERTIONS = NO;
				ENABLE_STRICT_OBJC_MSGSEND = YES;
				GCC_C_LANGUAGE_STANDARD = gnu11;
				GCC_NO_COMMON_BLOCKS = YES;
				GCC_WARN_64_TO_32_BIT_CONVERSION = YES;
				GCC_WARN_ABOUT_RETURN_TYPE = YES_ERROR;
				GCC_WARN_UNDECLARED_SELECTOR = YES;
				GCC_WARN_UNINITIALIZED_AUTOS = YES_AGGRESSIVE;
				GCC_WARN_UNUSED_FUNCTION = YES;
				GCC_WARN_UNUSED_VARIABLE = YES;
				IPHONEOS_DEPLOYMENT_TARGET = 15.2;
				MTL_ENABLE_DEBUG_INFO = NO;
				MTL_FAST_MATH = YES;
				SDKROOT = iphoneos;
				SWIFT_COMPILATION_MODE = wholemodule;
				SWIFT_OPTIMIZATION_LEVEL = "-O";
				VALIDATE_PRODUCT = YES;
			};
			name = Release;
		};
		BB78603527E0EFB400CFC94A /* Debug */ = {
			isa = XCBuildConfiguration;
			baseConfigurationReference = 2DFD3BBAB2AEFA54BC58541D /* Pods-AniHouse-iOS.debug.xcconfig */;
			buildSettings = {
				ASSETCATALOG_COMPILER_APPICON_NAME = AppIcon;
				ASSETCATALOG_COMPILER_GLOBAL_ACCENT_COLOR_NAME = AccentColor;
				CODE_SIGN_STYLE = Automatic;
				CURRENT_PROJECT_VERSION = 1;
				DEAD_CODE_STRIPPING = NO;
				DEVELOPMENT_ASSET_PATHS = "\"AniHouse-iOS/Preview Content\"";
				DEVELOPMENT_TEAM = 92B5D498S7;
				ENABLE_PREVIEWS = YES;
				GENERATE_INFOPLIST_FILE = YES;
				INFOPLIST_FILE = "AniHouse-iOS/Info.plist";
				INFOPLIST_KEY_LSApplicationCategoryType = "";
				INFOPLIST_KEY_UIApplicationSceneManifest_Generation = YES;
				INFOPLIST_KEY_UIApplicationSupportsIndirectInputEvents = YES;
				INFOPLIST_KEY_UILaunchScreen_Generation = YES;
				INFOPLIST_KEY_UISupportedInterfaceOrientations_iPad = "UIInterfaceOrientationPortrait UIInterfaceOrientationPortraitUpsideDown UIInterfaceOrientationLandscapeLeft UIInterfaceOrientationLandscapeRight";
				INFOPLIST_KEY_UISupportedInterfaceOrientations_iPhone = "UIInterfaceOrientationPortrait UIInterfaceOrientationLandscapeLeft UIInterfaceOrientationLandscapeRight";
				LD_RUNPATH_SEARCH_PATHS = (
					"$(inherited)",
					"@executable_path/Frameworks",
				);
				MARKETING_VERSION = 1.0;
				PRODUCT_BUNDLE_IDENTIFIER = "com.januaryOne.AniHouse-iOS";
				PRODUCT_NAME = "$(TARGET_NAME)";
				SWIFT_EMIT_LOC_STRINGS = YES;
				SWIFT_VERSION = 5.0;
				TARGETED_DEVICE_FAMILY = "1,2";
			};
			name = Debug;
		};
		BB78603627E0EFB400CFC94A /* Release */ = {
			isa = XCBuildConfiguration;
			baseConfigurationReference = 0F098F85799B1CB696AA8D58 /* Pods-AniHouse-iOS.release.xcconfig */;
			buildSettings = {
				ASSETCATALOG_COMPILER_APPICON_NAME = AppIcon;
				ASSETCATALOG_COMPILER_GLOBAL_ACCENT_COLOR_NAME = AccentColor;
				CODE_SIGN_STYLE = Automatic;
				CURRENT_PROJECT_VERSION = 1;
				DEAD_CODE_STRIPPING = NO;
				DEVELOPMENT_ASSET_PATHS = "\"AniHouse-iOS/Preview Content\"";
				DEVELOPMENT_TEAM = 92B5D498S7;
				ENABLE_PREVIEWS = YES;
				GENERATE_INFOPLIST_FILE = YES;
				INFOPLIST_FILE = "AniHouse-iOS/Info.plist";
				INFOPLIST_KEY_LSApplicationCategoryType = "";
				INFOPLIST_KEY_UIApplicationSceneManifest_Generation = YES;
				INFOPLIST_KEY_UIApplicationSupportsIndirectInputEvents = YES;
				INFOPLIST_KEY_UILaunchScreen_Generation = YES;
				INFOPLIST_KEY_UISupportedInterfaceOrientations_iPad = "UIInterfaceOrientationPortrait UIInterfaceOrientationPortraitUpsideDown UIInterfaceOrientationLandscapeLeft UIInterfaceOrientationLandscapeRight";
				INFOPLIST_KEY_UISupportedInterfaceOrientations_iPhone = "UIInterfaceOrientationPortrait UIInterfaceOrientationLandscapeLeft UIInterfaceOrientationLandscapeRight";
				LD_RUNPATH_SEARCH_PATHS = (
					"$(inherited)",
					"@executable_path/Frameworks",
				);
				MARKETING_VERSION = 1.0;
				PRODUCT_BUNDLE_IDENTIFIER = "com.januaryOne.AniHouse-iOS";
				PRODUCT_NAME = "$(TARGET_NAME)";
				SWIFT_EMIT_LOC_STRINGS = YES;
				SWIFT_VERSION = 5.0;
				TARGETED_DEVICE_FAMILY = "1,2";
			};
			name = Release;
		};
/* End XCBuildConfiguration section */

/* Begin XCConfigurationList section */
		BB78602127E0EFB300CFC94A /* Build configuration list for PBXProject "AniHouse-iOS" */ = {
			isa = XCConfigurationList;
			buildConfigurations = (
				BB78603227E0EFB400CFC94A /* Debug */,
				BB78603327E0EFB400CFC94A /* Release */,
			);
			defaultConfigurationIsVisible = 0;
			defaultConfigurationName = Release;
		};
		BB78603427E0EFB400CFC94A /* Build configuration list for PBXNativeTarget "AniHouse-iOS" */ = {
			isa = XCConfigurationList;
			buildConfigurations = (
				BB78603527E0EFB400CFC94A /* Debug */,
				BB78603627E0EFB400CFC94A /* Release */,
			);
			defaultConfigurationIsVisible = 0;
			defaultConfigurationName = Release;
		};
/* End XCConfigurationList section */
	};
	rootObject = BB78601E27E0EFB300CFC94A /* Project object */;
}
